
Microsoft Visual Studio Solution File, Format Version 12.00
# Visual Studio 15
Project("{FAE04EC0-301F-11D3-BF4B-00C04F79EFBC}") = "MovieViewer", "MovieViewer\MovieViewer.csproj", "{6096CAAE-5F4D-4977-A949-2C3DF3B6A81C}"
EndProject
Global
	GlobalSection(SolutionConfigurationPlatforms) = preSolution
		Debug|Any CPU = Debug|Any CPU
		Release|Any CPU = Release|Any CPU
	EndGlobalSection
	GlobalSection(ProjectConfigurationPlatforms) = postSolution
		{6096CAAE-5F4D-4977-A949-2C3DF3B6A81C}.Debug|Any CPU.ActiveCfg = Debug|Any CPU
		{6096CAAE-5F4D-4977-A949-2C3DF3B6A81C}.Debug|Any CPU.Build.0 = Debug|Any CPU
		{6096CAAE-5F4D-4977-A949-2C3DF3B6A81C}.Release|Any CPU.ActiveCfg = Release|Any CPU
		{6096CAAE-5F4D-4977-A949-2C3DF3B6A81C}.Release|Any CPU.Build.0 = Release|Any CPU
	EndGlobalSection
EndGlobal
